
Microsoft Visual Studio Solution File, Format Version 12.00
# Visual Studio Version 17
VisualStudioVersion = 17.8.34330.188
MinimumVisualStudioVersion = 10.0.40219.1
Project("{9A19103F-16F7-4668-BE54-9A1E7A4F7556}") = "Domain", "Domain\Domain.csproj", "{6FC5AB85-0932-4F68-AF20-92EC2327B583}"
EndProject
Project("{9A19103F-16F7-4668-BE54-9A1E7A4F7556}") = "Application", "Application\Application.csproj", "{D9AE28C9-0DB8-40E4-995D-E0FCB987A26B}"
EndProject
Project("{9A19103F-16F7-4668-BE54-9A1E7A4F7556}") = "Infrastructure", "Infrastructure\Infrastructure.csproj", "{91C437AE-88D3-480F-857B-B06ECDB859C9}"
	ProjectSection(ProjectDependencies) = postProject
		{D9AE28C9-0DB8-40E4-995D-E0FCB987A26B} = {D9AE28C9-0DB8-40E4-995D-E0FCB987A26B}
	EndProjectSection
EndProject
Project("{9A19103F-16F7-4668-BE54-9A1E7A4F7556}") = "Api", "Api\Api.csproj", "{E5FE0561-36D4-456E-8E1F-686984265E56}"
EndProject
Project("{FAE04EC0-301F-11D3-BF4B-00C04F79EFBC}") = "Tests", "Tests\Tests.csproj", "{9B43CDC8-C34E-4D66-BEC4-4CB9C5A83286}"
	ProjectSection(ProjectDependencies) = postProject
		{6FC5AB85-0932-4F68-AF20-92EC2327B583} = {6FC5AB85-0932-4F68-AF20-92EC2327B583}
	EndProjectSection
EndProject
Global
	GlobalSection(SolutionConfigurationPlatforms) = preSolution
		Debug|Any CPU = Debug|Any CPU
		Release|Any CPU = Release|Any CPU
	EndGlobalSection
	GlobalSection(ProjectConfigurationPlatforms) = postSolution
		{6FC5AB85-0932-4F68-AF20-92EC2327B583}.Debug|Any CPU.ActiveCfg = Debug|Any CPU
		{6FC5AB85-0932-4F68-AF20-92EC2327B583}.Debug|Any CPU.Build.0 = Debug|Any CPU
		{6FC5AB85-0932-4F68-AF20-92EC2327B583}.Release|Any CPU.ActiveCfg = Release|Any CPU
		{6FC5AB85-0932-4F68-AF20-92EC2327B583}.Release|Any CPU.Build.0 = Release|Any CPU
		{D9AE28C9-0DB8-40E4-995D-E0FCB987A26B}.Debug|Any CPU.ActiveCfg = Debug|Any CPU
		{D9AE28C9-0DB8-40E4-995D-E0FCB987A26B}.Debug|Any CPU.Build.0 = Debug|Any CPU
		{D9AE28C9-0DB8-40E4-995D-E0FCB987A26B}.Release|Any CPU.ActiveCfg = Release|Any CPU
		{D9AE28C9-0DB8-40E4-995D-E0FCB987A26B}.Release|Any CPU.Build.0 = Release|Any CPU
		{91C437AE-88D3-480F-857B-B06ECDB859C9}.Debug|Any CPU.ActiveCfg = Debug|Any CPU
		{91C437AE-88D3-480F-857B-B06ECDB859C9}.Debug|Any CPU.Build.0 = Debug|Any CPU
		{91C437AE-88D3-480F-857B-B06ECDB859C9}.Release|Any CPU.ActiveCfg = Release|Any CPU
		{91C437AE-88D3-480F-857B-B06ECDB859C9}.Release|Any CPU.Build.0 = Release|Any CPU
		{E5FE0561-36D4-456E-8E1F-686984265E56}.Debug|Any CPU.ActiveCfg = Debug|Any CPU
		{E5FE0561-36D4-456E-8E1F-686984265E56}.Debug|Any CPU.Build.0 = Debug|Any CPU
		{E5FE0561-36D4-456E-8E1F-686984265E56}.Release|Any CPU.ActiveCfg = Release|Any CPU
		{E5FE0561-36D4-456E-8E1F-686984265E56}.Release|Any CPU.Build.0 = Release|Any CPU
		{9B43CDC8-C34E-4D66-BEC4-4CB9C5A83286}.Debug|Any CPU.ActiveCfg = Debug|Any CPU
		{9B43CDC8-C34E-4D66-BEC4-4CB9C5A83286}.Debug|Any CPU.Build.0 = Debug|Any CPU
		{9B43CDC8-C34E-4D66-BEC4-4CB9C5A83286}.Release|Any CPU.ActiveCfg = Release|Any CPU
		{9B43CDC8-C34E-4D66-BEC4-4CB9C5A83286}.Release|Any CPU.Build.0 = Release|Any CPU
	EndGlobalSection
	GlobalSection(SolutionProperties) = preSolution
		HideSolutionNode = FALSE
	EndGlobalSection
	GlobalSection(ExtensibilityGlobals) = postSolution
		SolutionGuid = {E351A49E-94B2-4009-91B1-71F2F0AB96BF}
	EndGlobalSection
EndGlobal
